
Microsoft Visual Studio Solution File, Format Version 12.00
Project("{F2A71F9B-5D33-465A-A702-920D77279786}") = "Gui", "Gui\Gui.fsproj", "{10ECFFD4-65EF-4460-ACA4-956BD438BC87}"
EndProject
Project("{2150E333-8FDC-42A3-9474-1A3956D46DE8}") = "SolutionFiles", "SolutionFiles", "{62DF0705-2511-4001-9FD1-7A649217FF89}"
ProjectSection(SolutionItems) = preProject
	.gitignore = .gitignore
	dotnet.yml = .github/workflows/dotnet.yml
EndProjectSection
EndProject
Project("{F2A71F9B-5D33-465A-A702-920D77279786}") = "Tests", "Tests\Tests.fsproj", "{2E227CBB-13D0-41DC-883E-3A318214FAF0}"
EndProject
Project("{F2A71F9B-5D33-465A-A702-920D77279786}") = "Evolution", "Evolution\Evolution.fsproj", "{9604DDBA-1F15-4062-A956-49A54A59ACE6}"
EndProject
Global
	GlobalSection(SolutionConfigurationPlatforms) = preSolution
		Debug|Any CPU = Debug|Any CPU
		Release|Any CPU = Release|Any CPU
	EndGlobalSection
	GlobalSection(ProjectConfigurationPlatforms) = postSolution
		{10ECFFD4-65EF-4460-ACA4-956BD438BC87}.Debug|Any CPU.ActiveCfg = Debug|Any CPU
		{10ECFFD4-65EF-4460-ACA4-956BD438BC87}.Debug|Any CPU.Build.0 = Debug|Any CPU
		{10ECFFD4-65EF-4460-ACA4-956BD438BC87}.Release|Any CPU.ActiveCfg = Release|Any CPU
		{10ECFFD4-65EF-4460-ACA4-956BD438BC87}.Release|Any CPU.Build.0 = Release|Any CPU
		{2E227CBB-13D0-41DC-883E-3A318214FAF0}.Debug|Any CPU.ActiveCfg = Debug|Any CPU
		{2E227CBB-13D0-41DC-883E-3A318214FAF0}.Debug|Any CPU.Build.0 = Debug|Any CPU
		{2E227CBB-13D0-41DC-883E-3A318214FAF0}.Release|Any CPU.ActiveCfg = Release|Any CPU
		{2E227CBB-13D0-41DC-883E-3A318214FAF0}.Release|Any CPU.Build.0 = Release|Any CPU
		{9604DDBA-1F15-4062-A956-49A54A59ACE6}.Debug|Any CPU.ActiveCfg = Debug|Any CPU
		{9604DDBA-1F15-4062-A956-49A54A59ACE6}.Debug|Any CPU.Build.0 = Debug|Any CPU
		{9604DDBA-1F15-4062-A956-49A54A59ACE6}.Release|Any CPU.ActiveCfg = Release|Any CPU
		{9604DDBA-1F15-4062-A956-49A54A59ACE6}.Release|Any CPU.Build.0 = Release|Any CPU
	EndGlobalSection
EndGlobal
